
Microsoft Visual Studio Solution File, Format Version 12.00
# Visual Studio Version 16
VisualStudioVersion = 16.0.29911.84
MinimumVisualStudioVersion = 10.0.40219.1
Project("{FAE04EC0-301F-11D3-BF4B-00C04F79EFBC}") = "ConsoleApp1", "ConsoleApp1\ConsoleApp1.csproj", "{94782CFB-FA0C-47F7-8108-854E2B0F17F3}"
EndProject
Global
	GlobalSection(SolutionConfigurationPlatforms) = preSolution
		Debug|Any CPU = Debug|Any CPU
		Release|Any CPU = Release|Any CPU
	EndGlobalSection
	GlobalSection(ProjectConfigurationPlatforms) = postSolution
		{94782CFB-FA0C-47F7-8108-854E2B0F17F3}.Debug|Any CPU.ActiveCfg = Debug|Any CPU
		{94782CFB-FA0C-47F7-8108-854E2B0F17F3}.Debug|Any CPU.Build.0 = Debug|Any CPU
		{94782CFB-FA0C-47F7-8108-854E2B0F17F3}.Release|Any CPU.ActiveCfg = Release|Any CPU
		{94782CFB-FA0C-47F7-8108-854E2B0F17F3}.Release|Any CPU.Build.0 = Release|Any CPU
	EndGlobalSection
	GlobalSection(SolutionProperties) = preSolution
		HideSolutionNode = FALSE
	EndGlobalSection
	GlobalSection(ExtensibilityGlobals) = postSolution
		SolutionGuid = {70A34B5E-A72C-46B9-8363-6C0160A0E2E6}
	EndGlobalSection
EndGlobal
